
Microsoft Visual Studio Solution File, Format Version 12.00
# Visual Studio Version 16
VisualStudioVersion = 16.0.30225.117
MinimumVisualStudioVersion = 10.0.40219.1
Project("{FAE04EC0-301F-11D3-BF4B-00C04F79EFBC}") = "MercadoPago.Android.Bindings", "MercadoPago.Android.Bindings\MercadoPago.Android.Bindings.csproj", "{9251C1CB-506A-422A-9C1B-167DC8BFEC74}"
EndProject
Global
	GlobalSection(SolutionConfigurationPlatforms) = preSolution
		Debug|Any CPU = Debug|Any CPU
		Debug|iPhone = Debug|iPhone
		Debug|iPhoneSimulator = Debug|iPhoneSimulator
		Release|Any CPU = Release|Any CPU
		Release|iPhone = Release|iPhone
		Release|iPhoneSimulator = Release|iPhoneSimulator
	EndGlobalSection
	GlobalSection(ProjectConfigurationPlatforms) = postSolution
		{9251C1CB-506A-422A-9C1B-167DC8BFEC74}.Debug|Any CPU.ActiveCfg = Debug|Any CPU
		{9251C1CB-506A-422A-9C1B-167DC8BFEC74}.Debug|Any CPU.Build.0 = Debug|Any CPU
		{9251C1CB-506A-422A-9C1B-167DC8BFEC74}.Debug|iPhone.ActiveCfg = Debug|Any CPU
		{9251C1CB-506A-422A-9C1B-167DC8BFEC74}.Debug|iPhone.Build.0 = Debug|Any CPU
		{9251C1CB-506A-422A-9C1B-167DC8BFEC74}.Debug|iPhoneSimulator.ActiveCfg = Debug|Any CPU
		{9251C1CB-506A-422A-9C1B-167DC8BFEC74}.Debug|iPhoneSimulator.Build.0 = Debug|Any CPU
		{9251C1CB-506A-422A-9C1B-167DC8BFEC74}.Release|Any CPU.ActiveCfg = Release|Any CPU
		{9251C1CB-506A-422A-9C1B-167DC8BFEC74}.Release|Any CPU.Build.0 = Release|Any CPU
		{9251C1CB-506A-422A-9C1B-167DC8BFEC74}.Release|iPhone.ActiveCfg = Release|Any CPU
		{9251C1CB-506A-422A-9C1B-167DC8BFEC74}.Release|iPhone.Build.0 = Release|Any CPU
		{9251C1CB-506A-422A-9C1B-167DC8BFEC74}.Release|iPhoneSimulator.ActiveCfg = Release|Any CPU
		{9251C1CB-506A-422A-9C1B-167DC8BFEC74}.Release|iPhoneSimulator.Build.0 = Release|Any CPU
	EndGlobalSection
	GlobalSection(SolutionProperties) = preSolution
		HideSolutionNode = FALSE
	EndGlobalSection
	GlobalSection(ExtensibilityGlobals) = postSolution
		SolutionGuid = {FE6C5C2E-0E88-46FB-8A2A-35187437393C}
	EndGlobalSection
EndGlobal
